{
  "name": "simple-antd-management-fast-framework",
  "version": "1.7.66",
  "lockfileVersion": 1,
  "requires": true,
  "dependencies": {
    "@ant-design/css-animation": {
      "version": "1.7.3",
      "resolved": "http://localhost:4873/@ant-design%2fcss-animation/-/css-animation-1.7.3.tgz",
      "integrity": "sha1-YKHJcAFOhrKPlAUQ1p5QPkKPETY="
    },
    "@babel/runtime": {
      "version": "7.16.3",
      "resolved": "http://localhost:4873/@babel%2fruntime/-/runtime-7.16.3.tgz",
      "integrity": "sha512-WBwekcqacdY2e9AF/Q7WLFUWmdJGJTkbjqTjoMDgXkVZ3ZRUvOPsLb5KdwISoQVsbP+DQzVZW4Zhci0DvpbNTQ==",
      "requires": {
        "regenerator-runtime": "^0.13.4"
      }
    },
    "@types/prop-types": {
      "version": "15.7.4",
      "resolved": "http://localhost:4873/@types%2fprop-types/-/prop-types-15.7.4.tgz",
      "integrity": "sha1-/PcgXCXf95Xuea8eMNosl5CAjxE=",
      "dev": true
    },
    "@types/react": {
      "version": "17.0.34",
      "resolved": "http://localhost:4873/@types%2freact/-/react-17.0.34.tgz",
      "integrity": "sha512-46FEGrMjc2+8XhHXILr+3+/sTe3OfzSPU9YGKILLrUYbQ1CLQC9Daqo1KzENGXAWwrFwiY0l4ZbF20gRvgpWTg==",
      "dev": true,
      "requires": {
        "@types/prop-types": "*",
        "@types/scheduler": "*",
        "csstype": "^3.0.2"
      }
    },
    "@types/scheduler": {
      "version": "0.16.2",
      "resolved": "http://localhost:4873/@types%2fscheduler/-/scheduler-0.16.2.tgz",
      "integrity": "sha1-GmL4lSVyPd4kuhsBsJK/XfitTTk=",
      "dev": true
    },
    "add-dom-event-listener": {
      "version": "1.1.0",
      "resolved": "http://localhost:4873/add-dom-event-listener/-/add-dom-event-listener-1.1.0.tgz",
      "integrity": "sha1-apLbOg3Qq8JU4JXA8dwUrLuq4xA=",
      "requires": {
        "object-assign": "4.x"
      }
    },
    "commander": {
      "version": "2.20.3",
      "resolved": "http://localhost:4873/commander/-/commander-2.20.3.tgz",
      "integrity": "sha1-/UhehMA+tIgcIHIrpIA16FMa6zM="
    },
    "csstype": {
      "version": "3.0.9",
      "resolved": "http://localhost:4873/csstype/-/csstype-3.0.9.tgz",
      "integrity": "sha1-ZBCvMbJr0FIJM9AsvGT86c4/vws=",
      "dev": true
    },
    "d3-array": {
      "version": "1.2.4",
      "resolved": "http://localhost:4873/d3-array/-/d3-array-1.2.4.tgz",
      "integrity": "sha1-Y1zk1e6nWfb2BYY9vPww7cc39x8="
    },
    "d3-polygon": {
      "version": "1.0.6",
      "resolved": "http://localhost:4873/d3-polygon/-/d3-polygon-1.0.6.tgz",
      "integrity": "sha1-C/jLgYCm3BB/UY3feXXhKrv7044="
    },
    "data-uri-to-buffer": {
      "version": "4.0.0",
      "resolved": "http://localhost:4873/data-uri-to-buffer/-/data-uri-to-buffer-4.0.0.tgz",
      "integrity": "sha1-tdtGrqUPYXZCisBbc745pXcBpks=",
      "dev": true
    },
    "earcut": {
      "version": "2.2.3",
      "resolved": "http://localhost:4873/earcut/-/earcut-2.2.3.tgz",
      "integrity": "sha1-1EztL/WhiFlWjjJ92cfUaxb1XPQ="
    },
    "fetch-blob": {
      "version": "3.1.3",
      "resolved": "http://localhost:4873/fetch-blob/-/fetch-blob-3.1.3.tgz",
      "integrity": "sha512-ax1Y5I9w+9+JiM+wdHkhBoxew+zG4AJ2SvAD1v1szpddUIiPERVGBxrMcB2ZqW0Y3PP8bOWYv2zqQq1Jp2kqUQ==",
      "dev": true,
      "requires": {
        "web-streams-polyfill": "^3.0.3"
      }
    },
    "flubber": {
      "version": "0.4.2",
      "resolved": "http://localhost:4873/flubber/-/flubber-0.4.2.tgz",
      "integrity": "sha1-FEUtSoOMw7ny+2F12pTjWs1V+6o=",
      "requires": {
        "d3-array": "^1.2.0",
        "d3-polygon": "^1.0.3",
        "earcut": "^2.1.1",
        "svg-path-properties": "^0.2.1",
        "svgpath": "^2.2.1",
        "topojson-client": "^3.0.0"
      },
      "dependencies": {
        "svg-path-properties": {
          "version": "0.2.2",
          "resolved": "http://localhost:4873/svg-path-properties/-/svg-path-properties-0.2.2.tgz",
          "integrity": "sha1-sHPYG+cpLq4OIzq4qD9Y3CcRMpY="
        }
      }
    },
    "formdata-polyfill": {
      "version": "4.0.10",
      "resolved": "http://localhost:4873/formdata-polyfill/-/formdata-polyfill-4.0.10.tgz",
      "integrity": "sha512-buewHzMvYL29jdeQTVILecSaZKnt/RJWjoZCF5OW60Z67/GmSLBkOFM7qh1PI3zFNtJbaZL5eQu1vLfazOwj4g==",
      "dev": true,
      "requires": {
        "fetch-blob": "^3.1.2"
      }
    },
    "history": {
      "version": "5.1.0",
      "resolved": "http://localhost:4873/history/-/history-5.1.0.tgz",
      "integrity": "sha512-zPuQgPacm2vH2xdORvGGz1wQMuHSIB56yNAy5FnLuwOwgSYyPKptJtcMm6Ev+hRGeS+GzhbmRacHzvlESbFwDg==",
      "requires": {
        "@babel/runtime": "^7.7.6"
      }
    },
    "js-tokens": {
      "version": "4.0.0",
      "resolved": "http://localhost:4873/js-tokens/-/js-tokens-4.0.0.tgz",
      "integrity": "sha1-GSA/tZmR35jjoocFDUZHzerzJJk="
    },
    "loose-envify": {
      "version": "1.4.0",
      "resolved": "http://localhost:4873/loose-envify/-/loose-envify-1.4.0.tgz",
      "integrity": "sha1-ce5R+nvkyuwaY4OffmgtgTLTDK8=",
      "requires": {
        "js-tokens": "^3.0.0 || ^4.0.0"
      }
    },
    "memoize-one": {
      "version": "6.0.0"
    },
    "nanoid": {
      "version": "3.1.30",
      "resolved": "http://localhost:4873/nanoid/-/nanoid-3.1.30.tgz",
      "integrity": "sha1-Y/k8xUjSoRPcXfvGO/oJ4rm2Q2I="
    },
    "node-fetch": {
      "version": "3.1.0",
      "dev": true,
      "requires": {
        "data-uri-to-buffer": "^4.0.0",
        "fetch-blob": "^3.1.2",
        "formdata-polyfill": "^4.0.10"
      }
    },
    "object-assign": {
      "version": "4.1.1",
      "resolved": "http://localhost:4873/object-assign/-/object-assign-4.1.1.tgz",
      "integrity": "sha1-IQmtx5ZYh8/AXLvUQsrIv7s2CGM="
    },
    "path-to-regexp": {
      "version": "6.2.0"
    },
    "performance-now": {
      "version": "2.1.0",
      "resolved": "http://localhost:4873/performance-now/-/performance-now-2.1.0.tgz",
      "integrity": "sha1-Ywn04OX6kT7BxpMHrjZLSzd8nns="
    },
    "picocolors": {
      "version": "1.0.0",
      "resolved": "http://localhost:4873/picocolors/-/picocolors-1.0.0.tgz",
      "integrity": "sha1-y1vcdP8/UYkiNur3nWi8RFZKuBw="
    },
    "postcss": {
      "version": "8.3.11",
      "resolved": "http://localhost:4873/postcss/-/postcss-8.3.11.tgz",
      "integrity": "sha1-w77KfqgRzV4cSj7G0udZnvH4+Fg=",
      "requires": {
        "nanoid": "^3.1.30",
        "picocolors": "^1.0.0",
        "source-map-js": "^0.6.2"
      }
    },
    "postcss-less": {
      "version": "5.0.0",
      "resolved": "http://localhost:4873/postcss-less/-/postcss-less-5.0.0.tgz"
    },
    "raf": {
      "version": "3.4.1",
      "resolved": "http://localhost:4873/raf/-/raf-3.4.1.tgz",
      "integrity": "sha1-B0LpmkplUvRF1z4+4DKK8P8e3jk=",
      "requires": {
        "performance-now": "^2.1.0"
      }
    },
    "rc-util": {
      "version": "4.21.1",
      "resolved": "http://localhost:4873/rc-util/-/rc-util-4.21.1.tgz",
      "integrity": "sha1-iGAtDDGFAgqhBT2aHnDqwWG+ywU=",
      "requires": {
        "add-dom-event-listener": "^1.1.0",
        "prop-types": "^15.5.10",
        "react-is": "^16.12.0",
        "react-lifecycles-compat": "^3.0.4",
        "shallowequal": "^1.1.0"
      },
      "dependencies": {
        "prop-types": {
          "version": "15.7.2",
          "resolved": "http://localhost:4873/prop-types/-/prop-types-15.7.2.tgz",
          "integrity": "sha1-UsQedbjIfnK52TYOAga5ncv/psU=",
          "requires": {
            "loose-envify": "^1.4.0",
            "object-assign": "^4.1.1",
            "react-is": "^16.8.1"
          }
        }
      }
    },
    "react-is": {
      "version": "16.13.1",
      "resolved": "http://localhost:4873/react-is/-/react-is-16.13.1.tgz",
      "integrity": "sha1-eJcppNw23imZ3BVt1sHZwYzqVqQ="
    },
    "react-lifecycles-compat": {
      "version": "3.0.4",
      "resolved": "http://localhost:4873/react-lifecycles-compat/-/react-lifecycles-compat-3.0.4.tgz",
      "integrity": "sha1-TxonOv38jzSIqMUWv9p4+HI1I2I="
    },
    "regenerator-runtime": {
      "version": "0.13.9",
      "resolved": "http://localhost:4873/regenerator-runtime/-/regenerator-runtime-0.13.9.tgz",
      "integrity": "sha1-iSV0Kpj/2QgUmI11Zq0wyjsmO1I="
    },
    "shallowequal": {
      "version": "1.1.0",
      "resolved": "http://localhost:4873/shallowequal/-/shallowequal-1.1.0.tgz",
      "integrity": "sha1-GI1SHelbkIdAT9TctosT3wrk5/g="
    },
    "source-map-js": {
      "version": "0.6.2",
      "resolved": "http://localhost:4873/source-map-js/-/source-map-js-0.6.2.tgz",
      "integrity": "sha1-C7XeYxtBz72mz7qL0FqA79/SOF4="
    },
    "style-utils": {
      "version": "0.3.4",
      "resolved": "http://localhost:4873/style-utils/-/style-utils-0.3.4.tgz",
      "integrity": "sha1-/0B8Ng07XBoJcSeVhuOc4nJRBk8="
    },
    "svg-path-properties": {
      "version": "1.0.11",
      "resolved": "http://localhost:4873/svg-path-properties/-/svg-path-properties-1.0.11.tgz",
      "integrity": "sha1-2AS3feoobd1WvRglSLnE9ZgNz4M="
    },
    "svgpath": {
      "version": "2.3.1",
      "resolved": "http://localhost:4873/svgpath/-/svgpath-2.3.1.tgz",
      "integrity": "sha1-sQIzS+vSJEtIGEYLouutUnFqDUM="
    },
    "topojson-client": {
      "version": "3.1.0",
      "resolved": "http://localhost:4873/topojson-client/-/topojson-client-3.1.0.tgz",
      "integrity": "sha1-Iuix7QiiuSL+60r29Ttu8JpGe5k=",
      "requires": {
        "commander": "2"
      }
    },
    "tween-functions": {
      "version": "1.2.0",
      "resolved": "http://localhost:4873/tween-functions/-/tween-functions-1.2.0.tgz",
      "integrity": "sha1-GuOlDnxguz3vd06scHrLynO7w/8="
    },
    "tween-one": {
      "version": "1.0.55",
      "resolved": "http://localhost:4873/tween-one/-/tween-one-1.0.55.tgz",
      "integrity": "sha512-zpY7yjfwl2hR3AjfEqsAvfAiFQN7iofJMpD82m4dQT7P+zQBw9ZdfzBje9Bm6NOl7yrUnIBwPAy54Mwz8Dh/eA==",
      "requires": {
        "@babel/runtime": "^7.11.1",
        "flubber": "^0.4.2",
        "raf": "^3.4.1",
        "style-utils": "^0.3.0",
        "svg-path-properties": "^1.0.4",
        "tween-functions": "^1.2.0"
      }
    },
    "web-streams-polyfill": {
      "version": "3.2.0",
      "resolved": "http://localhost:4873/web-streams-polyfill/-/web-streams-polyfill-3.2.0.tgz",
      "integrity": "sha512-EqPmREeOzttaLRm5HS7io98goBgZ7IVz79aDvqjD0kYXLtFZTc0T/U6wHTPKyIjb+MdN7DFIIX6hgdBEpWmfPA==",
      "dev": true
    }
  }
}
